// !$*UTF8*$!
{
	archiveVersion = 1;
	classes = {
	};
	objectVersion = 46;
	objects = {

/* Begin PBXBuildFile section */
		7ECC23681B3EEF7F0049B47B /* SessionViewController.m in Sources */ = {isa = PBXBuildFile; fileRef = 7ECC23671B3EEF7F0049B47B /* SessionViewController.m */; };
		7ECC236B1B3EEF950049B47B /* LoginViewController.m in Sources */ = {isa = PBXBuildFile; fileRef = 7ECC236A1B3EEF950049B47B /* LoginViewController.m */; };
		7ECC23761B3EF5830049B47B /* Bolts.framework in Frameworks */ = {isa = PBXBuildFile; fileRef = 7ECC23701B3EF5830049B47B /* Bolts.framework */; };
		7ECC23771B3EF5830049B47B /* Parse.framework in Frameworks */ = {isa = PBXBuildFile; fileRef = 7ECC23711B3EF5830049B47B /* Parse.framework */; };
		7ECC23781B3EF5830049B47B /* ParseCrashReporting.framework in Frameworks */ = {isa = PBXBuildFile; fileRef = 7ECC23721B3EF5830049B47B /* ParseCrashReporting.framework */; };
		7ECC23791B3EF5830049B47B /* ParseFacebookUtils.framework in Frameworks */ = {isa = PBXBuildFile; fileRef = 7ECC23731B3EF5830049B47B /* ParseFacebookUtils.framework */; };
		7ECC237A1B3EF5830049B47B /* ParseFacebookUtilsV4.framework in Frameworks */ = {isa = PBXBuildFile; fileRef = 7ECC23741B3EF5830049B47B /* ParseFacebookUtilsV4.framework */; };
		7ECC237B1B3EF5830049B47B /* ParseUI.framework in Frameworks */ = {isa = PBXBuildFile; fileRef = 7ECC23751B3EF5830049B47B /* ParseUI.framework */; };
		7ECC237E1B3EF6390049B47B /* SigninViewController.m in Sources */ = {isa = PBXBuildFile; fileRef = 7ECC237D1B3EF6390049B47B /* SigninViewController.m */; };
		7ECC23801B3EF67A0049B47B /* AudioToolbox.framework in Frameworks */ = {isa = PBXBuildFile; fileRef = 7ECC237F1B3EF67A0049B47B /* AudioToolbox.framework */; };
		7ECC23821B3EF6830049B47B /* CFNetwork.framework in Frameworks */ = {isa = PBXBuildFile; fileRef = 7ECC23811B3EF6830049B47B /* CFNetwork.framework */; };
		7ECC23841B3EF68C0049B47B /* CoreGraphics.framework in Frameworks */ = {isa = PBXBuildFile; fileRef = 7ECC23831B3EF68C0049B47B /* CoreGraphics.framework */; };
		7ECC23861B3EF6950049B47B /* CoreLocation.framework in Frameworks */ = {isa = PBXBuildFile; fileRef = 7ECC23851B3EF6950049B47B /* CoreLocation.framework */; };
		7ECC23881B3EF69E0049B47B /* MobileCoreServices.framework in Frameworks */ = {isa = PBXBuildFile; fileRef = 7ECC23871B3EF69E0049B47B /* MobileCoreServices.framework */; };
		7ECC238A1B3EF6A90049B47B /* QuartzCore.framework in Frameworks */ = {isa = PBXBuildFile; fileRef = 7ECC23891B3EF6A90049B47B /* QuartzCore.framework */; };
		7ECC238C1B3EF6B40049B47B /* Security.framework in Frameworks */ = {isa = PBXBuildFile; fileRef = 7ECC238B1B3EF6B40049B47B /* Security.framework */; };
		7ECC238E1B3EF6BB0049B47B /* StoreKit.framework in Frameworks */ = {isa = PBXBuildFile; fileRef = 7ECC238D1B3EF6BB0049B47B /* StoreKit.framework */; };
		7ECC23901B3EF6C40049B47B /* SystemConfiguration.framework in Frameworks */ = {isa = PBXBuildFile; fileRef = 7ECC238F1B3EF6C40049B47B /* SystemConfiguration.framework */; };
		7ECC23921B3EF6D10049B47B /* libz.dylib in Frameworks */ = {isa = PBXBuildFile; fileRef = 7ECC23911B3EF6D10049B47B /* libz.dylib */; };
		7ECC23941B3EF6DD0049B47B /* libsqlite3.dylib in Frameworks */ = {isa = PBXBuildFile; fileRef = 7ECC23931B3EF6DD0049B47B /* libsqlite3.dylib */; };
		993F6A0E1B3EE1DD00CAF0D7 /* main.m in Sources */ = {isa = PBXBuildFile; fileRef = 993F6A0D1B3EE1DD00CAF0D7 /* main.m */; };
		993F6A111B3EE1DD00CAF0D7 /* AppDelegate.m in Sources */ = {isa = PBXBuildFile; fileRef = 993F6A101B3EE1DD00CAF0D7 /* AppDelegate.m */; };
		993F6A141B3EE1DD00CAF0D7 /* secretapp.xcdatamodeld in Sources */ = {isa = PBXBuildFile; fileRef = 993F6A121B3EE1DD00CAF0D7 /* secretapp.xcdatamodeld */; };
		993F6A171B3EE1DD00CAF0D7 /* GeneralViewController.m in Sources */ = {isa = PBXBuildFile; fileRef = 993F6A161B3EE1DD00CAF0D7 /* GeneralViewController.m */; };
		993F6A1C1B3EE1DD00CAF0D7 /* Images.xcassets in Resources */ = {isa = PBXBuildFile; fileRef = 993F6A1B1B3EE1DD00CAF0D7 /* Images.xcassets */; };
		993F6A1F1B3EE1DD00CAF0D7 /* LaunchScreen.xib in Resources */ = {isa = PBXBuildFile; fileRef = 993F6A1D1B3EE1DD00CAF0D7 /* LaunchScreen.xib */; };
		993F6A2B1B3EE1DD00CAF0D7 /* secretappTests.m in Sources */ = {isa = PBXBuildFile; fileRef = 993F6A2A1B3EE1DD00CAF0D7 /* secretappTests.m */; };
		993F6A351B3EE26900CAF0D7 /* Main.storyboard in Resources */ = {isa = PBXBuildFile; fileRef = 993F6A341B3EE26900CAF0D7 /* Main.storyboard */; };
		993F6A381B3EE2BA00CAF0D7 /* MapViewController.m in Sources */ = {isa = PBXBuildFile; fileRef = 993F6A371B3EE2BA00CAF0D7 /* MapViewController.m */; };
		993F6A3B1B3EE2CB00CAF0D7 /* ListViewController.m in Sources */ = {isa = PBXBuildFile; fileRef = 993F6A3A1B3EE2CB00CAF0D7 /* ListViewController.m */; };
		993F6A3E1B3EE2D600CAF0D7 /* ProfileViewController.m in Sources */ = {isa = PBXBuildFile; fileRef = 993F6A3D1B3EE2D600CAF0D7 /* ProfileViewController.m */; };
		993F6A411B3EE3AC00CAF0D7 /* AddEmotionViewController.m in Sources */ = {isa = PBXBuildFile; fileRef = 993F6A401B3EE3AC00CAF0D7 /* AddEmotionViewController.m */; };
		993F6A441B3EE46C00CAF0D7 /* TabBarViewController.m in Sources */ = {isa = PBXBuildFile; fileRef = 993F6A431B3EE46C00CAF0D7 /* TabBarViewController.m */; };
		993F6A4F1B3EE5DA00CAF0D7 /* SplashViewController.m in Sources */ = {isa = PBXBuildFile; fileRef = 993F6A4C1B3EE5DA00CAF0D7 /* SplashViewController.m */; };
		993F6A501B3EE5DA00CAF0D7 /* UIColor+CustomColors.m in Sources */ = {isa = PBXBuildFile; fileRef = 993F6A4E1B3EE5DA00CAF0D7 /* UIColor+CustomColors.m */; };
		993F6A541B3EE87B00CAF0D7 /* Fabric.framework in Frameworks */ = {isa = PBXBuildFile; fileRef = 993F6A521B3EE87B00CAF0D7 /* Fabric.framework */; };
		993F6A551B3EE87B00CAF0D7 /* Crashlytics.framework in Frameworks */ = {isa = PBXBuildFile; fileRef = 993F6A531B3EE87B00CAF0D7 /* Crashlytics.framework */; };
/* End PBXBuildFile section */

/* Begin PBXContainerItemProxy section */
		993F6A251B3EE1DD00CAF0D7 /* PBXContainerItemProxy */ = {
			isa = PBXContainerItemProxy;
			containerPortal = 993F6A001B3EE1DD00CAF0D7 /* Project object */;
			proxyType = 1;
			remoteGlobalIDString = 993F6A071B3EE1DD00CAF0D7;
			remoteInfo = secretapp;
		};
/* End PBXContainerItemProxy section */

/* Begin PBXFileReference section */
		7ECC23661B3EEF7F0049B47B /* SessionViewController.h */ = {isa = PBXFileReference; fileEncoding = 4; lastKnownFileType = sourcecode.c.h; path = SessionViewController.h; sourceTree = "<group>"; };
		7ECC23671B3EEF7F0049B47B /* SessionViewController.m */ = {isa = PBXFileReference; fileEncoding = 4; lastKnownFileType = sourcecode.c.objc; path = SessionViewController.m; sourceTree = "<group>"; };
		7ECC23691B3EEF950049B47B /* LoginViewController.h */ = {isa = PBXFileReference; fileEncoding = 4; lastKnownFileType = sourcecode.c.h; name = LoginViewController.h; path = ../LoginViewController.h; sourceTree = "<group>"; };
		7ECC236A1B3EEF950049B47B /* LoginViewController.m */ = {isa = PBXFileReference; fileEncoding = 4; lastKnownFileType = sourcecode.c.objc; name = LoginViewController.m; path = ../LoginViewController.m; sourceTree = "<group>"; };
		7ECC23701B3EF5830049B47B /* Bolts.framework */ = {isa = PBXFileReference; lastKnownFileType = wrapper.framework; path = Bolts.framework; sourceTree = "<group>"; };
		7ECC23711B3EF5830049B47B /* Parse.framework */ = {isa = PBXFileReference; lastKnownFileType = wrapper.framework; path = Parse.framework; sourceTree = "<group>"; };
		7ECC23721B3EF5830049B47B /* ParseCrashReporting.framework */ = {isa = PBXFileReference; lastKnownFileType = wrapper.framework; path = ParseCrashReporting.framework; sourceTree = "<group>"; };
		7ECC23731B3EF5830049B47B /* ParseFacebookUtils.framework */ = {isa = PBXFileReference; lastKnownFileType = wrapper.framework; path = ParseFacebookUtils.framework; sourceTree = "<group>"; };
		7ECC23741B3EF5830049B47B /* ParseFacebookUtilsV4.framework */ = {isa = PBXFileReference; lastKnownFileType = wrapper.framework; path = ParseFacebookUtilsV4.framework; sourceTree = "<group>"; };
		7ECC23751B3EF5830049B47B /* ParseUI.framework */ = {isa = PBXFileReference; lastKnownFileType = wrapper.framework; path = ParseUI.framework; sourceTree = "<group>"; };
		7ECC237C1B3EF6390049B47B /* SigninViewController.h */ = {isa = PBXFileReference; fileEncoding = 4; lastKnownFileType = sourcecode.c.h; path = SigninViewController.h; sourceTree = "<group>"; };
		7ECC237D1B3EF6390049B47B /* SigninViewController.m */ = {isa = PBXFileReference; fileEncoding = 4; lastKnownFileType = sourcecode.c.objc; path = SigninViewController.m; sourceTree = "<group>"; };
		7ECC237F1B3EF67A0049B47B /* AudioToolbox.framework */ = {isa = PBXFileReference; lastKnownFileType = wrapper.framework; name = AudioToolbox.framework; path = System/Library/Frameworks/AudioToolbox.framework; sourceTree = SDKROOT; };
		7ECC23811B3EF6830049B47B /* CFNetwork.framework */ = {isa = PBXFileReference; lastKnownFileType = wrapper.framework; name = CFNetwork.framework; path = System/Library/Frameworks/CFNetwork.framework; sourceTree = SDKROOT; };
		7ECC23831B3EF68C0049B47B /* CoreGraphics.framework */ = {isa = PBXFileReference; lastKnownFileType = wrapper.framework; name = CoreGraphics.framework; path = System/Library/Frameworks/CoreGraphics.framework; sourceTree = SDKROOT; };
		7ECC23851B3EF6950049B47B /* CoreLocation.framework */ = {isa = PBXFileReference; lastKnownFileType = wrapper.framework; name = CoreLocation.framework; path = System/Library/Frameworks/CoreLocation.framework; sourceTree = SDKROOT; };
		7ECC23871B3EF69E0049B47B /* MobileCoreServices.framework */ = {isa = PBXFileReference; lastKnownFileType = wrapper.framework; name = MobileCoreServices.framework; path = System/Library/Frameworks/MobileCoreServices.framework; sourceTree = SDKROOT; };
		7ECC23891B3EF6A90049B47B /* QuartzCore.framework */ = {isa = PBXFileReference; lastKnownFileType = wrapper.framework; name = QuartzCore.framework; path = System/Library/Frameworks/QuartzCore.framework; sourceTree = SDKROOT; };
		7ECC238B1B3EF6B40049B47B /* Security.framework */ = {isa = PBXFileReference; lastKnownFileType = wrapper.framework; name = Security.framework; path = System/Library/Frameworks/Security.framework; sourceTree = SDKROOT; };
		7ECC238D1B3EF6BB0049B47B /* StoreKit.framework */ = {isa = PBXFileReference; lastKnownFileType = wrapper.framework; name = StoreKit.framework; path = System/Library/Frameworks/StoreKit.framework; sourceTree = SDKROOT; };
		7ECC238F1B3EF6C40049B47B /* SystemConfiguration.framework */ = {isa = PBXFileReference; lastKnownFileType = wrapper.framework; name = SystemConfiguration.framework; path = System/Library/Frameworks/SystemConfiguration.framework; sourceTree = SDKROOT; };
		7ECC23911B3EF6D10049B47B /* libz.dylib */ = {isa = PBXFileReference; lastKnownFileType = "compiled.mach-o.dylib"; name = libz.dylib; path = usr/lib/libz.dylib; sourceTree = SDKROOT; };
		7ECC23931B3EF6DD0049B47B /* libsqlite3.dylib */ = {isa = PBXFileReference; lastKnownFileType = "compiled.mach-o.dylib"; name = libsqlite3.dylib; path = usr/lib/libsqlite3.dylib; sourceTree = SDKROOT; };
		993F6A081B3EE1DD00CAF0D7 /* secretapp.app */ = {isa = PBXFileReference; explicitFileType = wrapper.application; includeInIndex = 0; path = secretapp.app; sourceTree = BUILT_PRODUCTS_DIR; };
		993F6A0C1B3EE1DD00CAF0D7 /* Info.plist */ = {isa = PBXFileReference; lastKnownFileType = text.plist.xml; path = Info.plist; sourceTree = "<group>"; };
		993F6A0D1B3EE1DD00CAF0D7 /* main.m */ = {isa = PBXFileReference; lastKnownFileType = sourcecode.c.objc; path = main.m; sourceTree = "<group>"; };
		993F6A0F1B3EE1DD00CAF0D7 /* AppDelegate.h */ = {isa = PBXFileReference; lastKnownFileType = sourcecode.c.h; path = AppDelegate.h; sourceTree = "<group>"; };
		993F6A101B3EE1DD00CAF0D7 /* AppDelegate.m */ = {isa = PBXFileReference; lastKnownFileType = sourcecode.c.objc; path = AppDelegate.m; sourceTree = "<group>"; };
		993F6A131B3EE1DD00CAF0D7 /* secretapp.xcdatamodel */ = {isa = PBXFileReference; lastKnownFileType = wrapper.xcdatamodel; path = secretapp.xcdatamodel; sourceTree = "<group>"; };
		993F6A151B3EE1DD00CAF0D7 /* GeneralViewController.h */ = {isa = PBXFileReference; lastKnownFileType = sourcecode.c.h; path = GeneralViewController.h; sourceTree = "<group>"; };
		993F6A161B3EE1DD00CAF0D7 /* GeneralViewController.m */ = {isa = PBXFileReference; lastKnownFileType = sourcecode.c.objc; path = GeneralViewController.m; sourceTree = "<group>"; };
		993F6A1B1B3EE1DD00CAF0D7 /* Images.xcassets */ = {isa = PBXFileReference; lastKnownFileType = folder.assetcatalog; path = Images.xcassets; sourceTree = "<group>"; };
		993F6A1E1B3EE1DD00CAF0D7 /* Base */ = {isa = PBXFileReference; lastKnownFileType = file.xib; name = Base; path = Base.lproj/LaunchScreen.xib; sourceTree = "<group>"; };
		993F6A241B3EE1DD00CAF0D7 /* secretappTests.xctest */ = {isa = PBXFileReference; explicitFileType = wrapper.cfbundle; includeInIndex = 0; path = secretappTests.xctest; sourceTree = BUILT_PRODUCTS_DIR; };
		993F6A291B3EE1DD00CAF0D7 /* Info.plist */ = {isa = PBXFileReference; lastKnownFileType = text.plist.xml; path = Info.plist; sourceTree = "<group>"; };
		993F6A2A1B3EE1DD00CAF0D7 /* secretappTests.m */ = {isa = PBXFileReference; lastKnownFileType = sourcecode.c.objc; path = secretappTests.m; sourceTree = "<group>"; };
		993F6A341B3EE26900CAF0D7 /* Main.storyboard */ = {isa = PBXFileReference; fileEncoding = 4; lastKnownFileType = file.storyboard; path = Main.storyboard; sourceTree = "<group>"; };
		993F6A361B3EE2BA00CAF0D7 /* MapViewController.h */ = {isa = PBXFileReference; fileEncoding = 4; lastKnownFileType = sourcecode.c.h; path = MapViewController.h; sourceTree = "<group>"; };
		993F6A371B3EE2BA00CAF0D7 /* MapViewController.m */ = {isa = PBXFileReference; fileEncoding = 4; lastKnownFileType = sourcecode.c.objc; path = MapViewController.m; sourceTree = "<group>"; };
		993F6A391B3EE2CB00CAF0D7 /* ListViewController.h */ = {isa = PBXFileReference; fileEncoding = 4; lastKnownFileType = sourcecode.c.h; path = ListViewController.h; sourceTree = "<group>"; };
		993F6A3A1B3EE2CB00CAF0D7 /* ListViewController.m */ = {isa = PBXFileReference; fileEncoding = 4; lastKnownFileType = sourcecode.c.objc; path = ListViewController.m; sourceTree = "<group>"; };
		993F6A3C1B3EE2D600CAF0D7 /* ProfileViewController.h */ = {isa = PBXFileReference; fileEncoding = 4; lastKnownFileType = sourcecode.c.h; path = ProfileViewController.h; sourceTree = "<group>"; };
		993F6A3D1B3EE2D600CAF0D7 /* ProfileViewController.m */ = {isa = PBXFileReference; fileEncoding = 4; lastKnownFileType = sourcecode.c.objc; path = ProfileViewController.m; sourceTree = "<group>"; };
		993F6A3F1B3EE3AC00CAF0D7 /* AddEmotionViewController.h */ = {isa = PBXFileReference; fileEncoding = 4; lastKnownFileType = sourcecode.c.h; path = AddEmotionViewController.h; sourceTree = "<group>"; };
		993F6A401B3EE3AC00CAF0D7 /* AddEmotionViewController.m */ = {isa = PBXFileReference; fileEncoding = 4; lastKnownFileType = sourcecode.c.objc; path = AddEmotionViewController.m; sourceTree = "<group>"; };
		993F6A421B3EE46C00CAF0D7 /* TabBarViewController.h */ = {isa = PBXFileReference; fileEncoding = 4; lastKnownFileType = sourcecode.c.h; path = TabBarViewController.h; sourceTree = "<group>"; };
		993F6A431B3EE46C00CAF0D7 /* TabBarViewController.m */ = {isa = PBXFileReference; fileEncoding = 4; lastKnownFileType = sourcecode.c.objc; path = TabBarViewController.m; sourceTree = "<group>"; };
		993F6A4B1B3EE5DA00CAF0D7 /* SplashViewController.h */ = {isa = PBXFileReference; fileEncoding = 4; lastKnownFileType = sourcecode.c.h; path = SplashViewController.h; sourceTree = "<group>"; };
		993F6A4C1B3EE5DA00CAF0D7 /* SplashViewController.m */ = {isa = PBXFileReference; fileEncoding = 4; lastKnownFileType = sourcecode.c.objc; path = SplashViewController.m; sourceTree = "<group>"; };
		993F6A4D1B3EE5DA00CAF0D7 /* UIColor+CustomColors.h */ = {isa = PBXFileReference; fileEncoding = 4; lastKnownFileType = sourcecode.c.h; path = "UIColor+CustomColors.h"; sourceTree = "<group>"; };
		993F6A4E1B3EE5DA00CAF0D7 /* UIColor+CustomColors.m */ = {isa = PBXFileReference; fileEncoding = 4; lastKnownFileType = sourcecode.c.objc; path = "UIColor+CustomColors.m"; sourceTree = "<group>"; };
		993F6A521B3EE87B00CAF0D7 /* Fabric.framework */ = {isa = PBXFileReference; lastKnownFileType = wrapper.framework; path = Fabric.framework; sourceTree = "<group>"; };
		993F6A531B3EE87B00CAF0D7 /* Crashlytics.framework */ = {isa = PBXFileReference; lastKnownFileType = wrapper.framework; path = Crashlytics.framework; sourceTree = "<group>"; };
/* End PBXFileReference section */

/* Begin PBXFrameworksBuildPhase section */
		993F6A051B3EE1DD00CAF0D7 /* Frameworks */ = {
			isa = PBXFrameworksBuildPhase;
			buildActionMask = 2147483647;
			files = (
				7ECC23941B3EF6DD0049B47B /* libsqlite3.dylib in Frameworks */,
				7ECC23921B3EF6D10049B47B /* libz.dylib in Frameworks */,
				7ECC23901B3EF6C40049B47B /* SystemConfiguration.framework in Frameworks */,
				7ECC238E1B3EF6BB0049B47B /* StoreKit.framework in Frameworks */,
				7ECC238C1B3EF6B40049B47B /* Security.framework in Frameworks */,
				7ECC238A1B3EF6A90049B47B /* QuartzCore.framework in Frameworks */,
				7ECC23881B3EF69E0049B47B /* MobileCoreServices.framework in Frameworks */,
				7ECC23861B3EF6950049B47B /* CoreLocation.framework in Frameworks */,
				7ECC23841B3EF68C0049B47B /* CoreGraphics.framework in Frameworks */,
				7ECC23821B3EF6830049B47B /* CFNetwork.framework in Frameworks */,
				7ECC23801B3EF67A0049B47B /* AudioToolbox.framework in Frameworks */,
				7ECC23761B3EF5830049B47B /* Bolts.framework in Frameworks */,
				7ECC23781B3EF5830049B47B /* ParseCrashReporting.framework in Frameworks */,
				7ECC237A1B3EF5830049B47B /* ParseFacebookUtilsV4.framework in Frameworks */,
				7ECC23791B3EF5830049B47B /* ParseFacebookUtils.framework in Frameworks */,
				993F6A551B3EE87B00CAF0D7 /* Crashlytics.framework in Frameworks */,
				7ECC23771B3EF5830049B47B /* Parse.framework in Frameworks */,
				7ECC237B1B3EF5830049B47B /* ParseUI.framework in Frameworks */,
				993F6A541B3EE87B00CAF0D7 /* Fabric.framework in Frameworks */,
			);
			runOnlyForDeploymentPostprocessing = 0;
		};
		993F6A211B3EE1DD00CAF0D7 /* Frameworks */ = {
			isa = PBXFrameworksBuildPhase;
			buildActionMask = 2147483647;
			files = (
			);
			runOnlyForDeploymentPostprocessing = 0;
		};
/* End PBXFrameworksBuildPhase section */

/* Begin PBXGroup section */
		7ECC236F1B3EEFBB0049B47B /* Onboarding */ = {
			isa = PBXGroup;
			children = (
				7ECC23691B3EEF950049B47B /* LoginViewController.h */,
				7ECC236A1B3EEF950049B47B /* LoginViewController.m */,
				7ECC23661B3EEF7F0049B47B /* SessionViewController.h */,
				7ECC23671B3EEF7F0049B47B /* SessionViewController.m */,
				7ECC237C1B3EF6390049B47B /* SigninViewController.h */,
				7ECC237D1B3EF6390049B47B /* SigninViewController.m */,
			);
			name = Onboarding;
			sourceTree = "<group>";
		};
		7ECC23951B3EF7150049B47B /* Parse */ = {
			isa = PBXGroup;
			children = (
				7ECC23701B3EF5830049B47B /* Bolts.framework */,
				7ECC23711B3EF5830049B47B /* Parse.framework */,
				7ECC23721B3EF5830049B47B /* ParseCrashReporting.framework */,
				7ECC23731B3EF5830049B47B /* ParseFacebookUtils.framework */,
				7ECC23741B3EF5830049B47B /* ParseFacebookUtilsV4.framework */,
				7ECC23751B3EF5830049B47B /* ParseUI.framework */,
			);
			name = Parse;
			sourceTree = "<group>";
		};
		993F69FF1B3EE1DD00CAF0D7 = {
			isa = PBXGroup;
			children = (
				993F6A0A1B3EE1DD00CAF0D7 /* secretapp */,
				993F6A271B3EE1DD00CAF0D7 /* secretappTests */,
				993F6A091B3EE1DD00CAF0D7 /* Products */,
			);
			sourceTree = "<group>";
		};
		993F6A091B3EE1DD00CAF0D7 /* Products */ = {
			isa = PBXGroup;
			children = (
				993F6A081B3EE1DD00CAF0D7 /* secretapp.app */,
				993F6A241B3EE1DD00CAF0D7 /* secretappTests.xctest */,
			);
			name = Products;
			sourceTree = "<group>";
		};
		993F6A0A1B3EE1DD00CAF0D7 /* secretapp */ = {
			isa = PBXGroup;
			children = (
				993F6A0F1B3EE1DD00CAF0D7 /* AppDelegate.h */,
				993F6A101B3EE1DD00CAF0D7 /* AppDelegate.m */,
				7ECC236F1B3EEFBB0049B47B /* Onboarding */,
				993F6A561B3EE8BE00CAF0D7 /* Frameworks */,
				993F6A4A1B3EE54C00CAF0D7 /* Models */,
				993F6A461B3EE50E00CAF0D7 /* Controllers */,
				993F6A1B1B3EE1DD00CAF0D7 /* Images.xcassets */,
				993F6A341B3EE26900CAF0D7 /* Main.storyboard */,
				993F6A1D1B3EE1DD00CAF0D7 /* LaunchScreen.xib */,
				993F6A121B3EE1DD00CAF0D7 /* secretapp.xcdatamodeld */,
				993F6A0B1B3EE1DD00CAF0D7 /* Supporting Files */,
			);
			path = secretapp;
			sourceTree = "<group>";
		};
		993F6A0B1B3EE1DD00CAF0D7 /* Supporting Files */ = {
			isa = PBXGroup;
			children = (
				993F6A0C1B3EE1DD00CAF0D7 /* Info.plist */,
				993F6A0D1B3EE1DD00CAF0D7 /* main.m */,
			);
			name = "Supporting Files";
			sourceTree = "<group>";
		};
		993F6A271B3EE1DD00CAF0D7 /* secretappTests */ = {
			isa = PBXGroup;
			children = (
				993F6A2A1B3EE1DD00CAF0D7 /* secretappTests.m */,
				993F6A281B3EE1DD00CAF0D7 /* Supporting Files */,
			);
			path = secretappTests;
			sourceTree = "<group>";
		};
		993F6A281B3EE1DD00CAF0D7 /* Supporting Files */ = {
			isa = PBXGroup;
			children = (
				993F6A291B3EE1DD00CAF0D7 /* Info.plist */,
			);
			name = "Supporting Files";
			sourceTree = "<group>";
		};
		993F6A461B3EE50E00CAF0D7 /* Controllers */ = {
			isa = PBXGroup;
			children = (
				993F6A4B1B3EE5DA00CAF0D7 /* SplashViewController.h */,
				993F6A4C1B3EE5DA00CAF0D7 /* SplashViewController.m */,
				993F6A421B3EE46C00CAF0D7 /* TabBarViewController.h */,
				993F6A431B3EE46C00CAF0D7 /* TabBarViewController.m */,
				993F6A151B3EE1DD00CAF0D7 /* GeneralViewController.h */,
				993F6A161B3EE1DD00CAF0D7 /* GeneralViewController.m */,
				993F6A391B3EE2CB00CAF0D7 /* ListViewController.h */,
				993F6A3A1B3EE2CB00CAF0D7 /* ListViewController.m */,
				993F6A361B3EE2BA00CAF0D7 /* MapViewController.h */,
				993F6A371B3EE2BA00CAF0D7 /* MapViewController.m */,
				993F6A3C1B3EE2D600CAF0D7 /* ProfileViewController.h */,
				993F6A3D1B3EE2D600CAF0D7 /* ProfileViewController.m */,
				993F6A3F1B3EE3AC00CAF0D7 /* AddEmotionViewController.h */,
				993F6A401B3EE3AC00CAF0D7 /* AddEmotionViewController.m */,
			);
			name = Controllers;
			sourceTree = "<group>";
		};
		993F6A4A1B3EE54C00CAF0D7 /* Models */ = {
			isa = PBXGroup;
			children = (
				993F6A4D1B3EE5DA00CAF0D7 /* UIColor+CustomColors.h */,
				993F6A4E1B3EE5DA00CAF0D7 /* UIColor+CustomColors.m */,
			);
			name = Models;
			sourceTree = "<group>";
		};
		993F6A561B3EE8BE00CAF0D7 /* Frameworks */ = {
			isa = PBXGroup;
			children = (
				7ECC23931B3EF6DD0049B47B /* libsqlite3.dylib */,
				7ECC23911B3EF6D10049B47B /* libz.dylib */,
				7ECC238F1B3EF6C40049B47B /* SystemConfiguration.framework */,
				7ECC238D1B3EF6BB0049B47B /* StoreKit.framework */,
				7ECC238B1B3EF6B40049B47B /* Security.framework */,
				7ECC23891B3EF6A90049B47B /* QuartzCore.framework */,
				7ECC23871B3EF69E0049B47B /* MobileCoreServices.framework */,
				7ECC23851B3EF6950049B47B /* CoreLocation.framework */,
				7ECC23831B3EF68C0049B47B /* CoreGraphics.framework */,
				7ECC23811B3EF6830049B47B /* CFNetwork.framework */,
				7ECC237F1B3EF67A0049B47B /* AudioToolbox.framework */,
				7ECC23951B3EF7150049B47B /* Parse */,
				993F6A521B3EE87B00CAF0D7 /* Fabric.framework */,
				993F6A531B3EE87B00CAF0D7 /* Crashlytics.framework */,
			);
			name = Frameworks;
			sourceTree = "<group>";
		};
/* End PBXGroup section */

/* Begin PBXNativeTarget section */
		993F6A071B3EE1DD00CAF0D7 /* secretapp */ = {
			isa = PBXNativeTarget;
			buildConfigurationList = 993F6A2E1B3EE1DD00CAF0D7 /* Build configuration list for PBXNativeTarget "secretapp" */;
			buildPhases = (
				993F6A041B3EE1DD00CAF0D7 /* Sources */,
				993F6A051B3EE1DD00CAF0D7 /* Frameworks */,
				993F6A061B3EE1DD00CAF0D7 /* Resources */,
				993F6A511B3EE86A00CAF0D7 /* ShellScript */,
			);
			buildRules = (
			);
			dependencies = (
			);
			name = secretapp;
			productName = secretapp;
			productReference = 993F6A081B3EE1DD00CAF0D7 /* secretapp.app */;
			productType = "com.apple.product-type.application";
		};
		993F6A231B3EE1DD00CAF0D7 /* secretappTests */ = {
			isa = PBXNativeTarget;
			buildConfigurationList = 993F6A311B3EE1DD00CAF0D7 /* Build configuration list for PBXNativeTarget "secretappTests" */;
			buildPhases = (
				993F6A201B3EE1DD00CAF0D7 /* Sources */,
				993F6A211B3EE1DD00CAF0D7 /* Frameworks */,
				993F6A221B3EE1DD00CAF0D7 /* Resources */,
			);
			buildRules = (
			);
			dependencies = (
				993F6A261B3EE1DD00CAF0D7 /* PBXTargetDependency */,
			);
			name = secretappTests;
			productName = secretappTests;
			productReference = 993F6A241B3EE1DD00CAF0D7 /* secretappTests.xctest */;
			productType = "com.apple.product-type.bundle.unit-test";
		};
/* End PBXNativeTarget section */

/* Begin PBXProject section */
		993F6A001B3EE1DD00CAF0D7 /* Project object */ = {
			isa = PBXProject;
			attributes = {
				LastUpgradeCheck = 0630;
				ORGANIZATIONNAME = bjc;
				TargetAttributes = {
					993F6A071B3EE1DD00CAF0D7 = {
						CreatedOnToolsVersion = 6.3.1;
					};
					993F6A231B3EE1DD00CAF0D7 = {
						CreatedOnToolsVersion = 6.3.1;
						TestTargetID = 993F6A071B3EE1DD00CAF0D7;
					};
				};
			};
			buildConfigurationList = 993F6A031B3EE1DD00CAF0D7 /* Build configuration list for PBXProject "secretapp" */;
			compatibilityVersion = "Xcode 3.2";
			developmentRegion = English;
			hasScannedForEncodings = 0;
			knownRegions = (
				en,
				Base,
			);
			mainGroup = 993F69FF1B3EE1DD00CAF0D7;
			productRefGroup = 993F6A091B3EE1DD00CAF0D7 /* Products */;
			projectDirPath = "";
			projectRoot = "";
			targets = (
				993F6A071B3EE1DD00CAF0D7 /* secretapp */,
				993F6A231B3EE1DD00CAF0D7 /* secretappTests */,
			);
		};
/* End PBXProject section */

/* Begin PBXResourcesBuildPhase section */
		993F6A061B3EE1DD00CAF0D7 /* Resources */ = {
			isa = PBXResourcesBuildPhase;
			buildActionMask = 2147483647;
			files = (
				993F6A351B3EE26900CAF0D7 /* Main.storyboard in Resources */,
				993F6A1F1B3EE1DD00CAF0D7 /* LaunchScreen.xib in Resources */,
				993F6A1C1B3EE1DD00CAF0D7 /* Images.xcassets in Resources */,
			);
			runOnlyForDeploymentPostprocessing = 0;
		};
		993F6A221B3EE1DD00CAF0D7 /* Resources */ = {
			isa = PBXResourcesBuildPhase;
			buildActionMask = 2147483647;
			files = (
			);
			runOnlyForDeploymentPostprocessing = 0;
		};
/* End PBXResourcesBuildPhase section */

/* Begin PBXShellScriptBuildPhase section */
		993F6A511B3EE86A00CAF0D7 /* ShellScript */ = {
			isa = PBXShellScriptBuildPhase;
			buildActionMask = 2147483647;
			files = (
			);
			inputPaths = (
			);
			outputPaths = (
			);
			runOnlyForDeploymentPostprocessing = 0;
			shellPath = /bin/sh;
			shellScript = "./Fabric.framework/run a160530d149b318e6fe3b34e823398daf99192e5 80be5f908fb97d15dd768902dc6b7d0e11e6796fdc1a62bcba9750d4df566135";
		};
/* End PBXShellScriptBuildPhase section */

/* Begin PBXSourcesBuildPhase section */
		993F6A041B3EE1DD00CAF0D7 /* Sources */ = {
			isa = PBXSourcesBuildPhase;
			buildActionMask = 2147483647;
			files = (
				7ECC237E1B3EF6390049B47B /* SigninViewController.m in Sources */,
				993F6A411B3EE3AC00CAF0D7 /* AddEmotionViewController.m in Sources */,
				993F6A111B3EE1DD00CAF0D7 /* AppDelegate.m in Sources */,
				7ECC236B1B3EEF950049B47B /* LoginViewController.m in Sources */,
				993F6A0E1B3EE1DD00CAF0D7 /* main.m in Sources */,
				993F6A3B1B3EE2CB00CAF0D7 /* ListViewController.m in Sources */,
				993F6A381B3EE2BA00CAF0D7 /* MapViewController.m in Sources */,
				7ECC23681B3EEF7F0049B47B /* SessionViewController.m in Sources */,
				993F6A4F1B3EE5DA00CAF0D7 /* SplashViewController.m in Sources */,
				993F6A3E1B3EE2D600CAF0D7 /* ProfileViewController.m in Sources */,
				993F6A171B3EE1DD00CAF0D7 /* GeneralViewController.m in Sources */,
				993F6A441B3EE46C00CAF0D7 /* TabBarViewController.m in Sources */,
				993F6A501B3EE5DA00CAF0D7 /* UIColor+CustomColors.m in Sources */,
				993F6A141B3EE1DD00CAF0D7 /* secretapp.xcdatamodeld in Sources */,
			);
			runOnlyForDeploymentPostprocessing = 0;
		};
		993F6A201B3EE1DD00CAF0D7 /* Sources */ = {
			isa = PBXSourcesBuildPhase;
			buildActionMask = 2147483647;
			files = (
				993F6A2B1B3EE1DD00CAF0D7 /* secretappTests.m in Sources */,
			);
			runOnlyForDeploymentPostprocessing = 0;
		};
/* End PBXSourcesBuildPhase section */

/* Begin PBXTargetDependency section */
		993F6A261B3EE1DD00CAF0D7 /* PBXTargetDependency */ = {
			isa = PBXTargetDependency;
			target = 993F6A071B3EE1DD00CAF0D7 /* secretapp */;
			targetProxy = 993F6A251B3EE1DD00CAF0D7 /* PBXContainerItemProxy */;
		};
/* End PBXTargetDependency section */

/* Begin PBXVariantGroup section */
		993F6A1D1B3EE1DD00CAF0D7 /* LaunchScreen.xib */ = {
			isa = PBXVariantGroup;
			children = (
				993F6A1E1B3EE1DD00CAF0D7 /* Base */,
			);
			name = LaunchScreen.xib;
			sourceTree = "<group>";
		};
/* End PBXVariantGroup section */

/* Begin XCBuildConfiguration section */
		993F6A2C1B3EE1DD00CAF0D7 /* Debug */ = {
			isa = XCBuildConfiguration;
			buildSettings = {
				ALWAYS_SEARCH_USER_PATHS = NO;
				CLANG_CXX_LANGUAGE_STANDARD = "gnu++0x";
				CLANG_CXX_LIBRARY = "libc++";
				CLANG_ENABLE_MODULES = YES;
				CLANG_ENABLE_OBJC_ARC = YES;
				CLANG_WARN_BOOL_CONVERSION = YES;
				CLANG_WARN_CONSTANT_CONVERSION = YES;
				CLANG_WARN_DIRECT_OBJC_ISA_USAGE = YES_ERROR;
				CLANG_WARN_EMPTY_BODY = YES;
				CLANG_WARN_ENUM_CONVERSION = YES;
				CLANG_WARN_INT_CONVERSION = YES;
				CLANG_WARN_OBJC_ROOT_CLASS = YES_ERROR;
				CLANG_WARN_UNREACHABLE_CODE = YES;
				CLANG_WARN__DUPLICATE_METHOD_MATCH = YES;
				"CODE_SIGN_IDENTITY[sdk=iphoneos*]" = "iPhone Developer";
				COPY_PHASE_STRIP = NO;
				DEBUG_INFORMATION_FORMAT = "dwarf-with-dsym";
				ENABLE_STRICT_OBJC_MSGSEND = YES;
				GCC_C_LANGUAGE_STANDARD = gnu99;
				GCC_DYNAMIC_NO_PIC = NO;
				GCC_NO_COMMON_BLOCKS = YES;
				GCC_OPTIMIZATION_LEVEL = 0;
				GCC_PREPROCESSOR_DEFINITIONS = (
					"DEBUG=1",
					"$(inherited)",
				);
				GCC_SYMBOLS_PRIVATE_EXTERN = NO;
				GCC_WARN_64_TO_32_BIT_CONVERSION = YES;
				GCC_WARN_ABOUT_RETURN_TYPE = YES_ERROR;
				GCC_WARN_UNDECLARED_SELECTOR = YES;
				GCC_WARN_UNINITIALIZED_AUTOS = YES_AGGRESSIVE;
				GCC_WARN_UNUSED_FUNCTION = YES;
				GCC_WARN_UNUSED_VARIABLE = YES;
				IPHONEOS_DEPLOYMENT_TARGET = 8.3;
				MTL_ENABLE_DEBUG_INFO = YES;
				ONLY_ACTIVE_ARCH = YES;
				SDKROOT = iphoneos;
				TARGETED_DEVICE_FAMILY = "1,2";
			};
			name = Debug;
		};
		993F6A2D1B3EE1DD00CAF0D7 /* Release */ = {
			isa = XCBuildConfiguration;
			buildSettings = {
				ALWAYS_SEARCH_USER_PATHS = NO;
				CLANG_CXX_LANGUAGE_STANDARD = "gnu++0x";
				CLANG_CXX_LIBRARY = "libc++";
				CLANG_ENABLE_MODULES = YES;
				CLANG_ENABLE_OBJC_ARC = YES;
				CLANG_WARN_BOOL_CONVERSION = YES;
				CLANG_WARN_CONSTANT_CONVERSION = YES;
				CLANG_WARN_DIRECT_OBJC_ISA_USAGE = YES_ERROR;
				CLANG_WARN_EMPTY_BODY = YES;
				CLANG_WARN_ENUM_CONVERSION = YES;
				CLANG_WARN_INT_CONVERSION = YES;
				CLANG_WARN_OBJC_ROOT_CLASS = YES_ERROR;
				CLANG_WARN_UNREACHABLE_CODE = YES;
				CLANG_WARN__DUPLICATE_METHOD_MATCH = YES;
				"CODE_SIGN_IDENTITY[sdk=iphoneos*]" = "iPhone Developer";
				COPY_PHASE_STRIP = NO;
				DEBUG_INFORMATION_FORMAT = "dwarf-with-dsym";
				ENABLE_NS_ASSERTIONS = NO;
				ENABLE_STRICT_OBJC_MSGSEND = YES;
				GCC_C_LANGUAGE_STANDARD = gnu99;
				GCC_NO_COMMON_BLOCKS = YES;
				GCC_WARN_64_TO_32_BIT_CONVERSION = YES;
				GCC_WARN_ABOUT_RETURN_TYPE = YES_ERROR;
				GCC_WARN_UNDECLARED_SELECTOR = YES;
				GCC_WARN_UNINITIALIZED_AUTOS = YES_AGGRESSIVE;
				GCC_WARN_UNUSED_FUNCTION = YES;
				GCC_WARN_UNUSED_VARIABLE = YES;
				IPHONEOS_DEPLOYMENT_TARGET = 8.3;
				MTL_ENABLE_DEBUG_INFO = NO;
				SDKROOT = iphoneos;
				TARGETED_DEVICE_FAMILY = "1,2";
				VALIDATE_PRODUCT = YES;
			};
			name = Release;
		};
		993F6A2F1B3EE1DD00CAF0D7 /* Debug */ = {
			isa = XCBuildConfiguration;
			buildSettings = {
				ASSETCATALOG_COMPILER_APPICON_NAME = AppIcon;
				FRAMEWORK_SEARCH_PATHS = (
					"$(inherited)",
					"$(PROJECT_DIR)/secretapp",
				);
				INFOPLIST_FILE = secretapp/Info.plist;
				LD_RUNPATH_SEARCH_PATHS = "$(inherited) @executable_path/Frameworks";
				PRODUCT_NAME = "$(TARGET_NAME)";
			};
			name = Debug;
		};
		993F6A301B3EE1DD00CAF0D7 /* Release */ = {
			isa = XCBuildConfiguration;
			buildSettings = {
				ASSETCATALOG_COMPILER_APPICON_NAME = AppIcon;
				FRAMEWORK_SEARCH_PATHS = (
					"$(inherited)",
					"$(PROJECT_DIR)/secretapp",
				);
				INFOPLIST_FILE = secretapp/Info.plist;
				LD_RUNPATH_SEARCH_PATHS = "$(inherited) @executable_path/Frameworks";
				PRODUCT_NAME = "$(TARGET_NAME)";
			};
			name = Release;
		};
		993F6A321B3EE1DD00CAF0D7 /* Debug */ = {
			isa = XCBuildConfiguration;
			buildSettings = {
				BUNDLE_LOADER = "$(TEST_HOST)";
				FRAMEWORK_SEARCH_PATHS = (
					"$(SDKROOT)/Developer/Library/Frameworks",
					"$(inherited)",
				);
				GCC_PREPROCESSOR_DEFINITIONS = (
					"DEBUG=1",
					"$(inherited)",
				);
				INFOPLIST_FILE = secretappTests/Info.plist;
				LD_RUNPATH_SEARCH_PATHS = "$(inherited) @executable_path/Frameworks @loader_path/Frameworks";
				PRODUCT_NAME = "$(TARGET_NAME)";
				TEST_HOST = "$(BUILT_PRODUCTS_DIR)/secretapp.app/secretapp";
			};
			name = Debug;
		};
		993F6A331B3EE1DD00CAF0D7 /* Release */ = {
			isa = XCBuildConfiguration;
			buildSettings = {
				BUNDLE_LOADER = "$(TEST_HOST)";
				FRAMEWORK_SEARCH_PATHS = (
					"$(SDKROOT)/Developer/Library/Frameworks",
					"$(inherited)",
				);
				INFOPLIST_FILE = secretappTests/Info.plist;
				LD_RUNPATH_SEARCH_PATHS = "$(inherited) @executable_path/Frameworks @loader_path/Frameworks";
				PRODUCT_NAME = "$(TARGET_NAME)";
				TEST_HOST = "$(BUILT_PRODUCTS_DIR)/secretapp.app/secretapp";
			};
			name = Release;
		};
/* End XCBuildConfiguration section */

/* Begin XCConfigurationList section */
		993F6A031B3EE1DD00CAF0D7 /* Build configuration list for PBXProject "secretapp" */ = {
			isa = XCConfigurationList;
			buildConfigurations = (
				993F6A2C1B3EE1DD00CAF0D7 /* Debug */,
				993F6A2D1B3EE1DD00CAF0D7 /* Release */,
			);
			defaultConfigurationIsVisible = 0;
			defaultConfigurationName = Release;
		};
		993F6A2E1B3EE1DD00CAF0D7 /* Build configuration list for PBXNativeTarget "secretapp" */ = {
			isa = XCConfigurationList;
			buildConfigurations = (
				993F6A2F1B3EE1DD00CAF0D7 /* Debug */,
				993F6A301B3EE1DD00CAF0D7 /* Release */,
			);
			defaultConfigurationIsVisible = 0;
			defaultConfigurationName = Release;
		};
		993F6A311B3EE1DD00CAF0D7 /* Build configuration list for PBXNativeTarget "secretappTests" */ = {
			isa = XCConfigurationList;
			buildConfigurations = (
				993F6A321B3EE1DD00CAF0D7 /* Debug */,
				993F6A331B3EE1DD00CAF0D7 /* Release */,
			);
			defaultConfigurationIsVisible = 0;
			defaultConfigurationName = Release;
		};
/* End XCConfigurationList section */

/* Begin XCVersionGroup section */
		993F6A121B3EE1DD00CAF0D7 /* secretapp.xcdatamodeld */ = {
			isa = XCVersionGroup;
			children = (
				993F6A131B3EE1DD00CAF0D7 /* secretapp.xcdatamodel */,
			);
			currentVersion = 993F6A131B3EE1DD00CAF0D7 /* secretapp.xcdatamodel */;
			path = secretapp.xcdatamodeld;
			sourceTree = "<group>";
			versionGroupType = wrapper.xcdatamodel;
		};
/* End XCVersionGroup section */
	};
	rootObject = 993F6A001B3EE1DD00CAF0D7 /* Project object */;
}
